// !$*UTF8*$!
{
	archiveVersion = 1;
	classes = {
	};
	objectVersion = 56;
	objects = {

/* Begin PBXBuildFile section */
		171AA4532A32296700C6BCDC /* CurrencyApp.swift in Sources */ = {isa = PBXBuildFile; fileRef = 171AA4522A32296700C6BCDC /* CurrencyApp.swift */; };
		171AA4552A32296700C6BCDC /* ContentView.swift in Sources */ = {isa = PBXBuildFile; fileRef = 171AA4542A32296700C6BCDC /* ContentView.swift */; };
		171AA4572A32296800C6BCDC /* Assets.xcassets in Resources */ = {isa = PBXBuildFile; fileRef = 171AA4562A32296800C6BCDC /* Assets.xcassets */; };
		171AA45A2A32296800C6BCDC /* Preview Assets.xcassets in Resources */ = {isa = PBXBuildFile; fileRef = 171AA4592A32296800C6BCDC /* Preview Assets.xcassets */; };
		171AA4642A32296900C6BCDC /* CurrencyTests.swift in Sources */ = {isa = PBXBuildFile; fileRef = 171AA4632A32296900C6BCDC /* CurrencyTests.swift */; };
		171AA46E2A32296900C6BCDC /* CurrencyUITests.swift in Sources */ = {isa = PBXBuildFile; fileRef = 171AA46D2A32296900C6BCDC /* CurrencyUITests.swift */; };
		171AA4702A32296900C6BCDC /* CurrencyUITestsLaunchTests.swift in Sources */ = {isa = PBXBuildFile; fileRef = 171AA46F2A32296900C6BCDC /* CurrencyUITestsLaunchTests.swift */; };
/* End PBXBuildFile section */

/* Begin PBXContainerItemProxy section */
		171AA4602A32296900C6BCDC /* PBXContainerItemProxy */ = {
			isa = PBXContainerItemProxy;
			containerPortal = 171AA4472A32296700C6BCDC /* Project object */;
			proxyType = 1;
			remoteGlobalIDString = 171AA44E2A32296700C6BCDC;
			remoteInfo = Currency;
		};
		171AA46A2A32296900C6BCDC /* PBXContainerItemProxy */ = {
			isa = PBXContainerItemProxy;
			containerPortal = 171AA4472A32296700C6BCDC /* Project object */;
			proxyType = 1;
			remoteGlobalIDString = 171AA44E2A32296700C6BCDC;
			remoteInfo = Currency;
		};
/* End PBXContainerItemProxy section */

/* Begin PBXFileReference section */
		171AA44F2A32296700C6BCDC /* Currency.app */ = {isa = PBXFileReference; explicitFileType = wrapper.application; includeInIndex = 0; path = Currency.app; sourceTree = BUILT_PRODUCTS_DIR; };
		171AA4522A32296700C6BCDC /* CurrencyApp.swift */ = {isa = PBXFileReference; lastKnownFileType = sourcecode.swift; path = CurrencyApp.swift; sourceTree = "<group>"; };
		171AA4542A32296700C6BCDC /* ContentView.swift */ = {isa = PBXFileReference; lastKnownFileType = sourcecode.swift; path = ContentView.swift; sourceTree = "<group>"; };
		171AA4562A32296800C6BCDC /* Assets.xcassets */ = {isa = PBXFileReference; lastKnownFileType = folder.assetcatalog; path = Assets.xcassets; sourceTree = "<group>"; };
		171AA4592A32296800C6BCDC /* Preview Assets.xcassets */ = {isa = PBXFileReference; lastKnownFileType = folder.assetcatalog; path = "Preview Assets.xcassets"; sourceTree = "<group>"; };
		171AA45F2A32296900C6BCDC /* CurrencyTests.xctest */ = {isa = PBXFileReference; explicitFileType = wrapper.cfbundle; includeInIndex = 0; path = CurrencyTests.xctest; sourceTree = BUILT_PRODUCTS_DIR; };
		171AA4632A32296900C6BCDC /* CurrencyTests.swift */ = {isa = PBXFileReference; lastKnownFileType = sourcecode.swift; path = CurrencyTests.swift; sourceTree = "<group>"; };
		171AA4692A32296900C6BCDC /* CurrencyUITests.xctest */ = {isa = PBXFileReference; explicitFileType = wrapper.cfbundle; includeInIndex = 0; path = CurrencyUITests.xctest; sourceTree = BUILT_PRODUCTS_DIR; };
		171AA46D2A32296900C6BCDC /* CurrencyUITests.swift */ = {isa = PBXFileReference; lastKnownFileType = sourcecode.swift; path = CurrencyUITests.swift; sourceTree = "<group>"; };
		171AA46F2A32296900C6BCDC /* CurrencyUITestsLaunchTests.swift */ = {isa = PBXFileReference; lastKnownFileType = sourcecode.swift; path = CurrencyUITestsLaunchTests.swift; sourceTree = "<group>"; };
/* End PBXFileReference section */

/* Begin PBXFrameworksBuildPhase section */
		171AA44C2A32296700C6BCDC /* Frameworks */ = {
			isa = PBXFrameworksBuildPhase;
			buildActionMask = 2147483647;
			files = (
			);
			runOnlyForDeploymentPostprocessing = 0;
		};
		171AA45C2A32296900C6BCDC /* Frameworks */ = {
			isa = PBXFrameworksBuildPhase;
			buildActionMask = 2147483647;
			files = (
			);
			runOnlyForDeploymentPostprocessing = 0;
		};
		171AA4662A32296900C6BCDC /* Frameworks */ = {
			isa = PBXFrameworksBuildPhase;
			buildActionMask = 2147483647;
			files = (
			);
			runOnlyForDeploymentPostprocessing = 0;
		};
/* End PBXFrameworksBuildPhase section */

/* Begin PBXGroup section */
		171AA4462A32296700C6BCDC = {
			isa = PBXGroup;
			children = (
				171AA4512A32296700C6BCDC /* Currency */,
				171AA4622A32296900C6BCDC /* CurrencyTests */,
				171AA46C2A32296900C6BCDC /* CurrencyUITests */,
				171AA4502A32296700C6BCDC /* Products */,
			);
			sourceTree = "<group>";
		};
		171AA4502A32296700C6BCDC /* Products */ = {
			isa = PBXGroup;
			children = (
				171AA44F2A32296700C6BCDC /* Currency.app */,
				171AA45F2A32296900C6BCDC /* CurrencyTests.xctest */,
				171AA4692A32296900C6BCDC /* CurrencyUITests.xctest */,
			);
			name = Products;
			sourceTree = "<group>";
		};
		171AA4512A32296700C6BCDC /* Currency */ = {
			isa = PBXGroup;
			children = (
				171AA4522A32296700C6BCDC /* CurrencyApp.swift */,
				171AA4542A32296700C6BCDC /* ContentView.swift */,
				171AA4562A32296800C6BCDC /* Assets.xcassets */,
				171AA4582A32296800C6BCDC /* Preview Content */,
			);
			path = Currency;
			sourceTree = "<group>";
		};
		171AA4582A32296800C6BCDC /* Preview Content */ = {
			isa = PBXGroup;
			children = (
				171AA4592A32296800C6BCDC /* Preview Assets.xcassets */,
			);
			path = "Preview Content";
			sourceTree = "<group>";
		};
		171AA4622A32296900C6BCDC /* CurrencyTests */ = {
			isa = PBXGroup;
			children = (
				171AA4632A32296900C6BCDC /* CurrencyTests.swift */,
			);
			path = CurrencyTests;
			sourceTree = "<group>";
		};
		171AA46C2A32296900C6BCDC /* CurrencyUITests */ = {
			isa = PBXGroup;
			children = (
				171AA46D2A32296900C6BCDC /* CurrencyUITests.swift */,
				171AA46F2A32296900C6BCDC /* CurrencyUITestsLaunchTests.swift */,
			);
			path = CurrencyUITests;
			sourceTree = "<group>";
		};
/* End PBXGroup section */

/* Begin PBXNativeTarget section */
		171AA44E2A32296700C6BCDC /* Currency */ = {
			isa = PBXNativeTarget;
			buildConfigurationList = 171AA4732A32296900C6BCDC /* Build configuration list for PBXNativeTarget "Currency" */;
			buildPhases = (
				171AA44B2A32296700C6BCDC /* Sources */,
				171AA44C2A32296700C6BCDC /* Frameworks */,
				171AA44D2A32296700C6BCDC /* Resources */,
			);
			buildRules = (
			);
			dependencies = (
			);
			name = Currency;
			productName = Currency;
			productReference = 171AA44F2A32296700C6BCDC /* Currency.app */;
			productType = "com.apple.product-type.application";
		};
		171AA45E2A32296900C6BCDC /* CurrencyTests */ = {
			isa = PBXNativeTarget;
			buildConfigurationList = 171AA4762A32296900C6BCDC /* Build configuration list for PBXNativeTarget "CurrencyTests" */;
			buildPhases = (
				171AA45B2A32296900C6BCDC /* Sources */,
				171AA45C2A32296900C6BCDC /* Frameworks */,
				171AA45D2A32296900C6BCDC /* Resources */,
			);
			buildRules = (
			);
			dependencies = (
				171AA4612A32296900C6BCDC /* PBXTargetDependency */,
			);
			name = CurrencyTests;
			productName = CurrencyTests;
			productReference = 171AA45F2A32296900C6BCDC /* CurrencyTests.xctest */;
			productType = "com.apple.product-type.bundle.unit-test";
		};
		171AA4682A32296900C6BCDC /* CurrencyUITests */ = {
			isa = PBXNativeTarget;
			buildConfigurationList = 171AA4792A32296900C6BCDC /* Build configuration list for PBXNativeTarget "CurrencyUITests" */;
			buildPhases = (
				171AA4652A32296900C6BCDC /* Sources */,
				171AA4662A32296900C6BCDC /* Frameworks */,
				171AA4672A32296900C6BCDC /* Resources */,
			);
			buildRules = (
			);
			dependencies = (
				171AA46B2A32296900C6BCDC /* PBXTargetDependency */,
			);
			name = CurrencyUITests;
			productName = CurrencyUITests;
			productReference = 171AA4692A32296900C6BCDC /* CurrencyUITests.xctest */;
			productType = "com.apple.product-type.bundle.ui-testing";
		};
/* End PBXNativeTarget section */

/* Begin PBXProject section */
		171AA4472A32296700C6BCDC /* Project object */ = {
			isa = PBXProject;
			attributes = {
				BuildIndependentTargetsInParallel = 1;
				LastSwiftUpdateCheck = 1430;
				LastUpgradeCheck = 1430;
				TargetAttributes = {
					171AA44E2A32296700C6BCDC = {
						CreatedOnToolsVersion = 14.3;
					};
					171AA45E2A32296900C6BCDC = {
						CreatedOnToolsVersion = 14.3;
						TestTargetID = 171AA44E2A32296700C6BCDC;
					};
					171AA4682A32296900C6BCDC = {
						CreatedOnToolsVersion = 14.3;
						TestTargetID = 171AA44E2A32296700C6BCDC;
					};
				};
			};
			buildConfigurationList = 171AA44A2A32296700C6BCDC /* Build configuration list for PBXProject "Currency" */;
			compatibilityVersion = "Xcode 14.0";
			developmentRegion = en;
			hasScannedForEncodings = 0;
			knownRegions = (
				en,
				Base,
			);
			mainGroup = 171AA4462A32296700C6BCDC;
			productRefGroup = 171AA4502A32296700C6BCDC /* Products */;
			projectDirPath = "";
			projectRoot = "";
			targets = (
				171AA44E2A32296700C6BCDC /* Currency */,
				171AA45E2A32296900C6BCDC /* CurrencyTests */,
				171AA4682A32296900C6BCDC /* CurrencyUITests */,
			);
		};
/* End PBXProject section */

/* Begin PBXResourcesBuildPhase section */
		171AA44D2A32296700C6BCDC /* Resources */ = {
			isa = PBXResourcesBuildPhase;
			buildActionMask = 2147483647;
			files = (
				171AA45A2A32296800C6BCDC /* Preview Assets.xcassets in Resources */,
				171AA4572A32296800C6BCDC /* Assets.xcassets in Resources */,
			);
			runOnlyForDeploymentPostprocessing = 0;
		};
		171AA45D2A32296900C6BCDC /* Resources */ = {
			isa = PBXResourcesBuildPhase;
			buildActionMask = 2147483647;
			files = (
			);
			runOnlyForDeploymentPostprocessing = 0;
		};
		171AA4672A32296900C6BCDC /* Resources */ = {
			isa = PBXResourcesBuildPhase;
			buildActionMask = 2147483647;
			files = (
			);
			runOnlyForDeploymentPostprocessing = 0;
		};
/* End PBXResourcesBuildPhase section */

/* Begin PBXSourcesBuildPhase section */
		171AA44B2A32296700C6BCDC /* Sources */ = {
			isa = PBXSourcesBuildPhase;
			buildActionMask = 2147483647;
			files = (
				171AA4552A32296700C6BCDC /* ContentView.swift in Sources */,
				171AA4532A32296700C6BCDC /* CurrencyApp.swift in Sources */,
			);
			runOnlyForDeploymentPostprocessing = 0;
		};
		171AA45B2A32296900C6BCDC /* Sources */ = {
			isa = PBXSourcesBuildPhase;
			buildActionMask = 2147483647;
			files = (
				171AA4642A32296900C6BCDC /* CurrencyTests.swift in Sources */,
			);
			runOnlyForDeploymentPostprocessing = 0;
		};
		171AA4652A32296900C6BCDC /* Sources */ = {
			isa = PBXSourcesBuildPhase;
			buildActionMask = 2147483647;
			files = (
				171AA4702A32296900C6BCDC /* CurrencyUITestsLaunchTests.swift in Sources */,
				171AA46E2A32296900C6BCDC /* CurrencyUITests.swift in Sources */,
			);
			runOnlyForDeploymentPostprocessing = 0;
		};
/* End PBXSourcesBuildPhase section */

/* Begin PBXTargetDependency section */
		171AA4612A32296900C6BCDC /* PBXTargetDependency */ = {
			isa = PBXTargetDependency;
			target = 171AA44E2A32296700C6BCDC /* Currency */;
			targetProxy = 171AA4602A32296900C6BCDC /* PBXContainerItemProxy */;
		};
		171AA46B2A32296900C6BCDC /* PBXTargetDependency */ = {
			isa = PBXTargetDependency;
			target = 171AA44E2A32296700C6BCDC /* Currency */;
			targetProxy = 171AA46A2A32296900C6BCDC /* PBXContainerItemProxy */;
		};
/* End PBXTargetDependency section */

/* Begin XCBuildConfiguration section */
		171AA4712A32296900C6BCDC /* Debug */ = {
			isa = XCBuildConfiguration;
			buildSettings = {
				ALWAYS_SEARCH_USER_PATHS = NO;
				CLANG_ANALYZER_NONNULL = YES;
				CLANG_ANALYZER_NUMBER_OBJECT_CONVERSION = YES_AGGRESSIVE;
				CLANG_CXX_LANGUAGE_STANDARD = "gnu++20";
				CLANG_ENABLE_MODULES = YES;
				CLANG_ENABLE_OBJC_ARC = YES;
				CLANG_ENABLE_OBJC_WEAK = YES;
				CLANG_WARN_BLOCK_CAPTURE_AUTORELEASING = YES;
				CLANG_WARN_BOOL_CONVERSION = YES;
				CLANG_WARN_COMMA = YES;
				CLANG_WARN_CONSTANT_CONVERSION = YES;
				CLANG_WARN_DEPRECATED_OBJC_IMPLEMENTATIONS = YES;
				CLANG_WARN_DIRECT_OBJC_ISA_USAGE = YES_ERROR;
				CLANG_WARN_DOCUMENTATION_COMMENTS = YES;
				CLANG_WARN_EMPTY_BODY = YES;
				CLANG_WARN_ENUM_CONVERSION = YES;
				CLANG_WARN_INFINITE_RECURSION = YES;
				CLANG_WARN_INT_CONVERSION = YES;
				CLANG_WARN_NON_LITERAL_NULL_CONVERSION = YES;
				CLANG_WARN_OBJC_IMPLICIT_RETAIN_SELF = YES;
				CLANG_WARN_OBJC_LITERAL_CONVERSION = YES;
				CLANG_WARN_OBJC_ROOT_CLASS = YES_ERROR;
				CLANG_WARN_QUOTED_INCLUDE_IN_FRAMEWORK_HEADER = YES;
				CLANG_WARN_RANGE_LOOP_ANALYSIS = YES;
				CLANG_WARN_STRICT_PROTOTYPES = YES;
				CLANG_WARN_SUSPICIOUS_MOVE = YES;
				CLANG_WARN_UNGUARDED_AVAILABILITY = YES_AGGRESSIVE;
				CLANG_WARN_UNREACHABLE_CODE = YES;
				CLANG_WARN__DUPLICATE_METHOD_MATCH = YES;
				COPY_PHASE_STRIP = NO;
				DEBUG_INFORMATION_FORMAT = dwarf;
				ENABLE_STRICT_OBJC_MSGSEND = YES;
				ENABLE_TESTABILITY = YES;
				GCC_C_LANGUAGE_STANDARD = gnu11;
				GCC_DYNAMIC_NO_PIC = NO;
				GCC_NO_COMMON_BLOCKS = YES;
				GCC_OPTIMIZATION_LEVEL = 0;
				GCC_PREPROCESSOR_DEFINITIONS = (
					"DEBUG=1",
					"$(inherited)",
				);
				GCC_WARN_64_TO_32_BIT_CONVERSION = YES;
				GCC_WARN_ABOUT_RETURN_TYPE = YES_ERROR;
				GCC_WARN_UNDECLARED_SELECTOR = YES;
				GCC_WARN_UNINITIALIZED_AUTOS = YES_AGGRESSIVE;
				GCC_WARN_UNUSED_FUNCTION = YES;
				GCC_WARN_UNUSED_VARIABLE = YES;
				IPHONEOS_DEPLOYMENT_TARGET = 16.4;
				MTL_ENABLE_DEBUG_INFO = INCLUDE_SOURCE;
				MTL_FAST_MATH = YES;
				ONLY_ACTIVE_ARCH = YES;
				SDKROOT = iphoneos;
				SWIFT_ACTIVE_COMPILATION_CONDITIONS = DEBUG;
				SWIFT_OPTIMIZATION_LEVEL = "-Onone";
			};
			name = Debug;
		};
		171AA4722A32296900C6BCDC /* Release */ = {
			isa = XCBuildConfiguration;
			buildSettings = {
				ALWAYS_SEARCH_USER_PATHS = NO;
				CLANG_ANALYZER_NONNULL = YES;
				CLANG_ANALYZER_NUMBER_OBJECT_CONVERSION = YES_AGGRESSIVE;
				CLANG_CXX_LANGUAGE_STANDARD = "gnu++20";
				CLANG_ENABLE_MODULES = YES;
				CLANG_ENABLE_OBJC_ARC = YES;
				CLANG_ENABLE_OBJC_WEAK = YES;
				CLANG_WARN_BLOCK_CAPTURE_AUTORELEASING = YES;
				CLANG_WARN_BOOL_CONVERSION = YES;
				CLANG_WARN_COMMA = YES;
				CLANG_WARN_CONSTANT_CONVERSION = YES;
				CLANG_WARN_DEPRECATED_OBJC_IMPLEMENTATIONS = YES;
				CLANG_WARN_DIRECT_OBJC_ISA_USAGE = YES_ERROR;
				CLANG_WARN_DOCUMENTATION_COMMENTS = YES;
				CLANG_WARN_EMPTY_BODY = YES;
				CLANG_WARN_ENUM_CONVERSION = YES;
				CLANG_WARN_INFINITE_RECURSION = YES;
				CLANG_WARN_INT_CONVERSION = YES;
				CLANG_WARN_NON_LITERAL_NULL_CONVERSION = YES;
				CLANG_WARN_OBJC_IMPLICIT_RETAIN_SELF = YES;
				CLANG_WARN_OBJC_LITERAL_CONVERSION = YES;
				CLANG_WARN_OBJC_ROOT_CLASS = YES_ERROR;
				CLANG_WARN_QUOTED_INCLUDE_IN_FRAMEWORK_HEADER = YES;
				CLANG_WARN_RANGE_LOOP_ANALYSIS = YES;
				CLANG_WARN_STRICT_PROTOTYPES = YES;
				CLANG_WARN_SUSPICIOUS_MOVE = YES;
				CLANG_WARN_UNGUARDED_AVAILABILITY = YES_AGGRESSIVE;
				CLANG_WARN_UNREACHABLE_CODE = YES;
				CLANG_WARN__DUPLICATE_METHOD_MATCH = YES;
				COPY_PHASE_STRIP = NO;
				DEBUG_INFORMATION_FORMAT = "dwarf-with-dsym";
				ENABLE_NS_ASSERTIONS = NO;
				ENABLE_STRICT_OBJC_MSGSEND = YES;
				GCC_C_LANGUAGE_STANDARD = gnu11;
				GCC_NO_COMMON_BLOCKS = YES;
				GCC_WARN_64_TO_32_BIT_CONVERSION = YES;
				GCC_WARN_ABOUT_RETURN_TYPE = YES_ERROR;
				GCC_WARN_UNDECLARED_SELECTOR = YES;
				GCC_WARN_UNINITIALIZED_AUTOS = YES_AGGRESSIVE;
				GCC_WARN_UNUSED_FUNCTION = YES;
				GCC_WARN_UNUSED_VARIABLE = YES;
				IPHONEOS_DEPLOYMENT_TARGET = 16.4;
				MTL_ENABLE_DEBUG_INFO = NO;
				MTL_FAST_MATH = YES;
				SDKROOT = iphoneos;
				SWIFT_COMPILATION_MODE = wholemodule;
				SWIFT_OPTIMIZATION_LEVEL = "-O";
				VALIDATE_PRODUCT = YES;
			};
			name = Release;
		};
		171AA4742A32296900C6BCDC /* Debug */ = {
			isa = XCBuildConfiguration;
			buildSettings = {
				ASSETCATALOG_COMPILER_APPICON_NAME = AppIcon;
				ASSETCATALOG_COMPILER_GLOBAL_ACCENT_COLOR_NAME = AccentColor;
				CODE_SIGN_STYLE = Automatic;
				CURRENT_PROJECT_VERSION = 1;
				DEVELOPMENT_ASSET_PATHS = "\"Currency/Preview Content\"";
				DEVELOPMENT_TEAM = J4MP6X34JN;
				ENABLE_PREVIEWS = YES;
				GENERATE_INFOPLIST_FILE = YES;
				INFOPLIST_KEY_UIApplicationSceneManifest_Generation = YES;
				INFOPLIST_KEY_UIApplicationSupportsIndirectInputEvents = YES;
				INFOPLIST_KEY_UILaunchScreen_Generation = YES;
				INFOPLIST_KEY_UISupportedInterfaceOrientations_iPad = "UIInterfaceOrientationPortrait UIInterfaceOrientationPortraitUpsideDown UIInterfaceOrientationLandscapeLeft UIInterfaceOrientationLandscapeRight";
				INFOPLIST_KEY_UISupportedInterfaceOrientations_iPhone = "UIInterfaceOrientationPortrait UIInterfaceOrientationLandscapeLeft UIInterfaceOrientationLandscapeRight";
				LD_RUNPATH_SEARCH_PATHS = (
					"$(inherited)",
					"@executable_path/Frameworks",
				);
				MARKETING_VERSION = 1.0;
				PRODUCT_BUNDLE_IDENTIFIER = BasakErtugrul.Currency;
				PRODUCT_NAME = "$(TARGET_NAME)";
				SWIFT_EMIT_LOC_STRINGS = YES;
				SWIFT_VERSION = 5.0;
				TARGETED_DEVICE_FAMILY = "1,2";
			};
			name = Debug;
		};
		171AA4752A32296900C6BCDC /* Release */ = {
			isa = XCBuildConfiguration;
			buildSettings = {
				ASSETCATALOG_COMPILER_APPICON_NAME = AppIcon;
				ASSETCATALOG_COMPILER_GLOBAL_ACCENT_COLOR_NAME = AccentColor;
				CODE_SIGN_STYLE = Automatic;
				CURRENT_PROJECT_VERSION = 1;
				DEVELOPMENT_ASSET_PATHS = "\"Currency/Preview Content\"";
				DEVELOPMENT_TEAM = J4MP6X34JN;
				ENABLE_PREVIEWS = YES;
				GENERATE_INFOPLIST_FILE = YES;
				INFOPLIST_KEY_UIApplicationSceneManifest_Generation = YES;
				INFOPLIST_KEY_UIApplicationSupportsIndirectInputEvents = YES;
				INFOPLIST_KEY_UILaunchScreen_Generation = YES;
				INFOPLIST_KEY_UISupportedInterfaceOrientations_iPad = "UIInterfaceOrientationPortrait UIInterfaceOrientationPortraitUpsideDown UIInterfaceOrientationLandscapeLeft UIInterfaceOrientationLandscapeRight";
				INFOPLIST_KEY_UISupportedInterfaceOrientations_iPhone = "UIInterfaceOrientationPortrait UIInterfaceOrientationLandscapeLeft UIInterfaceOrientationLandscapeRight";
				LD_RUNPATH_SEARCH_PATHS = (
					"$(inherited)",
					"@executable_path/Frameworks",
				);
				MARKETING_VERSION = 1.0;
				PRODUCT_BUNDLE_IDENTIFIER = BasakErtugrul.Currency;
				PRODUCT_NAME = "$(TARGET_NAME)";
				SWIFT_EMIT_LOC_STRINGS = YES;
				SWIFT_VERSION = 5.0;
				TARGETED_DEVICE_FAMILY = "1,2";
			};
			name = Release;
		};
		171AA4772A32296900C6BCDC /* Debug */ = {
			isa = XCBuildConfiguration;
			buildSettings = {
				ALWAYS_EMBED_SWIFT_STANDARD_LIBRARIES = YES;
				BUNDLE_LOADER = "$(TEST_HOST)";
				CODE_SIGN_STYLE = Automatic;
				CURRENT_PROJECT_VERSION = 1;
				DEVELOPMENT_TEAM = J4MP6X34JN;
				GENERATE_INFOPLIST_FILE = YES;
				IPHONEOS_DEPLOYMENT_TARGET = 16.4;
				MARKETING_VERSION = 1.0;
				PRODUCT_BUNDLE_IDENTIFIER = BasakErtugrul.CurrencyTests;
				PRODUCT_NAME = "$(TARGET_NAME)";
				SWIFT_EMIT_LOC_STRINGS = NO;
				SWIFT_VERSION = 5.0;
				TARGETED_DEVICE_FAMILY = "1,2";
				TEST_HOST = "$(BUILT_PRODUCTS_DIR)/Currency.app/$(BUNDLE_EXECUTABLE_FOLDER_PATH)/Currency";
			};
			name = Debug;
		};
		171AA4782A32296900C6BCDC /* Release */ = {
			isa = XCBuildConfiguration;
			buildSettings = {
				ALWAYS_EMBED_SWIFT_STANDARD_LIBRARIES = YES;
				BUNDLE_LOADER = "$(TEST_HOST)";
				CODE_SIGN_STYLE = Automatic;
				CURRENT_PROJECT_VERSION = 1;
				DEVELOPMENT_TEAM = J4MP6X34JN;
				GENERATE_INFOPLIST_FILE = YES;
				IPHONEOS_DEPLOYMENT_TARGET = 16.4;
				MARKETING_VERSION = 1.0;
				PRODUCT_BUNDLE_IDENTIFIER = BasakErtugrul.CurrencyTests;
				PRODUCT_NAME = "$(TARGET_NAME)";
				SWIFT_EMIT_LOC_STRINGS = NO;
				SWIFT_VERSION = 5.0;
				TARGETED_DEVICE_FAMILY = "1,2";
				TEST_HOST = "$(BUILT_PRODUCTS_DIR)/Currency.app/$(BUNDLE_EXECUTABLE_FOLDER_PATH)/Currency";
			};
			name = Release;
		};
		171AA47A2A32296900C6BCDC /* Debug */ = {
			isa = XCBuildConfiguration;
			buildSettings = {
				ALWAYS_EMBED_SWIFT_STANDARD_LIBRARIES = YES;
				CODE_SIGN_STYLE = Automatic;
				CURRENT_PROJECT_VERSION = 1;
				DEVELOPMENT_TEAM = J4MP6X34JN;
				GENERATE_INFOPLIST_FILE = YES;
				MARKETING_VERSION = 1.0;
				PRODUCT_BUNDLE_IDENTIFIER = BasakErtugrul.CurrencyUITests;
				PRODUCT_NAME = "$(TARGET_NAME)";
				SWIFT_EMIT_LOC_STRINGS = NO;
				SWIFT_VERSION = 5.0;
				TARGETED_DEVICE_FAMILY = "1,2";
				TEST_TARGET_NAME = Currency;
			};
			name = Debug;
		};
		171AA47B2A32296900C6BCDC /* Release */ = {
			isa = XCBuildConfiguration;
			buildSettings = {
				ALWAYS_EMBED_SWIFT_STANDARD_LIBRARIES = YES;
				CODE_SIGN_STYLE = Automatic;
				CURRENT_PROJECT_VERSION = 1;
				DEVELOPMENT_TEAM = J4MP6X34JN;
				GENERATE_INFOPLIST_FILE = YES;
				MARKETING_VERSION = 1.0;
				PRODUCT_BUNDLE_IDENTIFIER = BasakErtugrul.CurrencyUITests;
				PRODUCT_NAME = "$(TARGET_NAME)";
				SWIFT_EMIT_LOC_STRINGS = NO;
				SWIFT_VERSION = 5.0;
				TARGETED_DEVICE_FAMILY = "1,2";
				TEST_TARGET_NAME = Currency;
			};
			name = Release;
		};
/* End XCBuildConfiguration section */

/* Begin XCConfigurationList section */
		171AA44A2A32296700C6BCDC /* Build configuration list for PBXProject "Currency" */ = {
			isa = XCConfigurationList;
			buildConfigurations = (
				171AA4712A32296900C6BCDC /* Debug */,
				171AA4722A32296900C6BCDC /* Release */,
			);
			defaultConfigurationIsVisible = 0;
			defaultConfigurationName = Release;
		};
		171AA4732A32296900C6BCDC /* Build configuration list for PBXNativeTarget "Currency" */ = {
			isa = XCConfigurationList;
			buildConfigurations = (
				171AA4742A32296900C6BCDC /* Debug */,
				171AA4752A32296900C6BCDC /* Release */,
			);
			defaultConfigurationIsVisible = 0;
			defaultConfigurationName = Release;
		};
		171AA4762A32296900C6BCDC /* Build configuration list for PBXNativeTarget "CurrencyTests" */ = {
			isa = XCConfigurationList;
			buildConfigurations = (
				171AA4772A32296900C6BCDC /* Debug */,
				171AA4782A32296900C6BCDC /* Release */,
			);
			defaultConfigurationIsVisible = 0;
			defaultConfigurationName = Release;
		};
		171AA4792A32296900C6BCDC /* Build configuration list for PBXNativeTarget "CurrencyUITests" */ = {
			isa = XCConfigurationList;
			buildConfigurations = (
				171AA47A2A32296900C6BCDC /* Debug */,
				171AA47B2A32296900C6BCDC /* Release */,
			);
			defaultConfigurationIsVisible = 0;
			defaultConfigurationName = Release;
		};
/* End XCConfigurationList section */
	};
	rootObject = 171AA4472A32296700C6BCDC /* Project object */;
}
