// !$*UTF8*$!
{
	archiveVersion = 1;
	classes = {
	};
	objectVersion = 56;
	objects = {

/* Begin PBXBuildFile section */
		171AA4532A32296700C6BCDC /* CurrencyApp.swift in Sources */ = {isa = PBXBuildFile; fileRef = 171AA4522A32296700C6BCDC /* CurrencyApp.swift */; };
		171AA4552A32296700C6BCDC /* ContentView.swift in Sources */ = {isa = PBXBuildFile; fileRef = 171AA4542A32296700C6BCDC /* ContentView.swift */; };
		171AA4572A32296800C6BCDC /* Assets.xcassets in Resources */ = {isa = PBXBuildFile; fileRef = 171AA4562A32296800C6BCDC /* Assets.xcassets */; };
		171AA45A2A32296800C6BCDC /* Preview Assets.xcassets in Resources */ = {isa = PBXBuildFile; fileRef = 171AA4592A32296800C6BCDC /* Preview Assets.xcassets */; };
		171AA4642A32296900C6BCDC /* CurrencyTests.swift in Sources */ = {isa = PBXBuildFile; fileRef = 171AA4632A32296900C6BCDC /* CurrencyTests.swift */; };
		171AA46E2A32296900C6BCDC /* CurrencyUITests.swift in Sources */ = {isa = PBXBuildFile; fileRef = 171AA46D2A32296900C6BCDC /* CurrencyUITests.swift */; };
		171AA4702A32296900C6BCDC /* CurrencyUITestsLaunchTests.swift in Sources */ = {isa = PBXBuildFile; fileRef = 171AA46F2A32296900C6BCDC /* CurrencyUITestsLaunchTests.swift */; };
		171AA4822A3229F600C6BCDC /* MainView.swift in Sources */ = {isa = PBXBuildFile; fileRef = 171AA4812A3229F600C6BCDC /* MainView.swift */; };
		171AA4842A322A4300C6BCDC /* PastOperationsView.swift in Sources */ = {isa = PBXBuildFile; fileRef = 171AA4832A322A4300C6BCDC /* PastOperationsView.swift */; };
		171AA4882A322AD100C6BCDC /* PastOperationsViewModel.swift in Sources */ = {isa = PBXBuildFile; fileRef = 171AA4872A322AD100C6BCDC /* PastOperationsViewModel.swift */; };
		171AA48A2A32362C00C6BCDC /* Currency.swift in Sources */ = {isa = PBXBuildFile; fileRef = 171AA4892A32362C00C6BCDC /* Currency.swift */; };
		171AA48C2A32364200C6BCDC /* MainViewModel.swift in Sources */ = {isa = PBXBuildFile; fileRef = 171AA48B2A32364200C6BCDC /* MainViewModel.swift */; };
		171AA48F2A3236F500C6BCDC /* RealmProvider.swift in Sources */ = {isa = PBXBuildFile; fileRef = 171AA48E2A3236F500C6BCDC /* RealmProvider.swift */; };
		171AA4912A32372900C6BCDC /* NetworkProvider.swift in Sources */ = {isa = PBXBuildFile; fileRef = 171AA4902A32372900C6BCDC /* NetworkProvider.swift */; };
		179EA9B82A3269DB005C67BF /* Balance.swift in Sources */ = {isa = PBXBuildFile; fileRef = 179EA9B72A3269DB005C67BF /* Balance.swift */; };
		179EA9BA2A3300F2005C67BF /* ContentViewModel.swift in Sources */ = {isa = PBXBuildFile; fileRef = 179EA9B92A3300F2005C67BF /* ContentViewModel.swift */; };
		179EA9BC2A3303B8005C67BF /* Double.swift in Sources */ = {isa = PBXBuildFile; fileRef = 179EA9BB2A3303B8005C67BF /* Double.swift */; };
		179EA9C02A330DD7005C67BF /* CurrencyCardView.swift in Sources */ = {isa = PBXBuildFile; fileRef = 179EA9BF2A330DD7005C67BF /* CurrencyCardView.swift */; };
		179EA9C42A36F6E2005C67BF /* CardViewModifier.swift in Sources */ = {isa = PBXBuildFile; fileRef = 179EA9C32A36F6E2005C67BF /* CardViewModifier.swift */; };
		179EA9C62A36FA14005C67BF /* Colors.swift in Sources */ = {isa = PBXBuildFile; fileRef = 179EA9C52A36FA14005C67BF /* Colors.swift */; };
		179EA9C82A390A28005C67BF /* NSNotification.swift in Sources */ = {isa = PBXBuildFile; fileRef = 179EA9C72A390A28005C67BF /* NSNotification.swift */; };
		179EA9CA2A390C44005C67BF /* BuyingView.swift in Sources */ = {isa = PBXBuildFile; fileRef = 179EA9C92A390C44005C67BF /* BuyingView.swift */; };
		179EA9CE2A3A5872005C67BF /* TRYHistory.swift in Sources */ = {isa = PBXBuildFile; fileRef = 179EA9CD2A3A5872005C67BF /* TRYHistory.swift */; };
		179EA9D02A3A64E5005C67BF /* Date.swift in Sources */ = {isa = PBXBuildFile; fileRef = 179EA9CF2A3A64E5005C67BF /* Date.swift */; };
		179EA9D22A3B530F005C67BF /* Transaction.swift in Sources */ = {isa = PBXBuildFile; fileRef = 179EA9D12A3B530F005C67BF /* Transaction.swift */; };
		179EA9D52A3B5EAE005C67BF /* PastOperationCardView.swift in Sources */ = {isa = PBXBuildFile; fileRef = 179EA9D42A3B5EAE005C67BF /* PastOperationCardView.swift */; };
		179EA9D72A3B65B2005C67BF /* EmptyView.swift in Sources */ = {isa = PBXBuildFile; fileRef = 179EA9D62A3B65B2005C67BF /* EmptyView.swift */; };
		17E5CAE62A323D61007173E6 /* RoundedButtonStyleWithIcon.swift in Sources */ = {isa = PBXBuildFile; fileRef = 17E5CAE52A323D61007173E6 /* RoundedButtonStyleWithIcon.swift */; };
		17E5CAE82A323E59007173E6 /* RoundedButtonStyle.swift in Sources */ = {isa = PBXBuildFile; fileRef = 17E5CAE72A323E59007173E6 /* RoundedButtonStyle.swift */; };
		17E5CAEC2A3243C5007173E6 /* Images.swift in Sources */ = {isa = PBXBuildFile; fileRef = 17E5CAEB2A3243C5007173E6 /* Images.swift */; };
		425A0090235219B07C9AD0FD /* Pods_Currency.framework in Frameworks */ = {isa = PBXBuildFile; fileRef = DB1C347D5DB54AB150E9420C /* Pods_Currency.framework */; };
/* End PBXBuildFile section */

/* Begin PBXContainerItemProxy section */
		171AA4602A32296900C6BCDC /* PBXContainerItemProxy */ = {
			isa = PBXContainerItemProxy;
			containerPortal = 171AA4472A32296700C6BCDC /* Project object */;
			proxyType = 1;
			remoteGlobalIDString = 171AA44E2A32296700C6BCDC;
			remoteInfo = Currency;
		};
		171AA46A2A32296900C6BCDC /* PBXContainerItemProxy */ = {
			isa = PBXContainerItemProxy;
			containerPortal = 171AA4472A32296700C6BCDC /* Project object */;
			proxyType = 1;
			remoteGlobalIDString = 171AA44E2A32296700C6BCDC;
			remoteInfo = Currency;
		};
/* End PBXContainerItemProxy section */

/* Begin PBXFileReference section */
		171AA44F2A32296700C6BCDC /* Currency.app */ = {isa = PBXFileReference; explicitFileType = wrapper.application; includeInIndex = 0; path = Currency.app; sourceTree = BUILT_PRODUCTS_DIR; };
		171AA4522A32296700C6BCDC /* CurrencyApp.swift */ = {isa = PBXFileReference; lastKnownFileType = sourcecode.swift; path = CurrencyApp.swift; sourceTree = "<group>"; };
		171AA4542A32296700C6BCDC /* ContentView.swift */ = {isa = PBXFileReference; lastKnownFileType = sourcecode.swift; path = ContentView.swift; sourceTree = "<group>"; };
		171AA4562A32296800C6BCDC /* Assets.xcassets */ = {isa = PBXFileReference; lastKnownFileType = folder.assetcatalog; path = Assets.xcassets; sourceTree = "<group>"; };
		171AA4592A32296800C6BCDC /* Preview Assets.xcassets */ = {isa = PBXFileReference; lastKnownFileType = folder.assetcatalog; path = "Preview Assets.xcassets"; sourceTree = "<group>"; };
		171AA45F2A32296900C6BCDC /* CurrencyTests.xctest */ = {isa = PBXFileReference; explicitFileType = wrapper.cfbundle; includeInIndex = 0; path = CurrencyTests.xctest; sourceTree = BUILT_PRODUCTS_DIR; };
		171AA4632A32296900C6BCDC /* CurrencyTests.swift */ = {isa = PBXFileReference; lastKnownFileType = sourcecode.swift; path = CurrencyTests.swift; sourceTree = "<group>"; };
		171AA4692A32296900C6BCDC /* CurrencyUITests.xctest */ = {isa = PBXFileReference; explicitFileType = wrapper.cfbundle; includeInIndex = 0; path = CurrencyUITests.xctest; sourceTree = BUILT_PRODUCTS_DIR; };
		171AA46D2A32296900C6BCDC /* CurrencyUITests.swift */ = {isa = PBXFileReference; lastKnownFileType = sourcecode.swift; path = CurrencyUITests.swift; sourceTree = "<group>"; };
		171AA46F2A32296900C6BCDC /* CurrencyUITestsLaunchTests.swift */ = {isa = PBXFileReference; lastKnownFileType = sourcecode.swift; path = CurrencyUITestsLaunchTests.swift; sourceTree = "<group>"; };
		171AA4812A3229F600C6BCDC /* MainView.swift */ = {isa = PBXFileReference; lastKnownFileType = sourcecode.swift; path = MainView.swift; sourceTree = "<group>"; };
		171AA4832A322A4300C6BCDC /* PastOperationsView.swift */ = {isa = PBXFileReference; lastKnownFileType = sourcecode.swift; path = PastOperationsView.swift; sourceTree = "<group>"; };
		171AA4872A322AD100C6BCDC /* PastOperationsViewModel.swift */ = {isa = PBXFileReference; lastKnownFileType = sourcecode.swift; path = PastOperationsViewModel.swift; sourceTree = "<group>"; };
		171AA4892A32362C00C6BCDC /* Currency.swift */ = {isa = PBXFileReference; lastKnownFileType = sourcecode.swift; path = Currency.swift; sourceTree = "<group>"; };
		171AA48B2A32364200C6BCDC /* MainViewModel.swift */ = {isa = PBXFileReference; lastKnownFileType = sourcecode.swift; path = MainViewModel.swift; sourceTree = "<group>"; };
		171AA48E2A3236F500C6BCDC /* RealmProvider.swift */ = {isa = PBXFileReference; lastKnownFileType = sourcecode.swift; path = RealmProvider.swift; sourceTree = "<group>"; };
		171AA4902A32372900C6BCDC /* NetworkProvider.swift */ = {isa = PBXFileReference; lastKnownFileType = sourcecode.swift; path = NetworkProvider.swift; sourceTree = "<group>"; };
		179EA9B72A3269DB005C67BF /* Balance.swift */ = {isa = PBXFileReference; lastKnownFileType = sourcecode.swift; path = Balance.swift; sourceTree = "<group>"; };
		179EA9B92A3300F2005C67BF /* ContentViewModel.swift */ = {isa = PBXFileReference; lastKnownFileType = sourcecode.swift; path = ContentViewModel.swift; sourceTree = "<group>"; };
		179EA9BB2A3303B8005C67BF /* Double.swift */ = {isa = PBXFileReference; lastKnownFileType = sourcecode.swift; path = Double.swift; sourceTree = "<group>"; };
		179EA9BF2A330DD7005C67BF /* CurrencyCardView.swift */ = {isa = PBXFileReference; lastKnownFileType = sourcecode.swift; path = CurrencyCardView.swift; sourceTree = "<group>"; };
		179EA9C32A36F6E2005C67BF /* CardViewModifier.swift */ = {isa = PBXFileReference; lastKnownFileType = sourcecode.swift; path = CardViewModifier.swift; sourceTree = "<group>"; };
		179EA9C52A36FA14005C67BF /* Colors.swift */ = {isa = PBXFileReference; lastKnownFileType = sourcecode.swift; path = Colors.swift; sourceTree = "<group>"; };
		179EA9C72A390A28005C67BF /* NSNotification.swift */ = {isa = PBXFileReference; lastKnownFileType = sourcecode.swift; path = NSNotification.swift; sourceTree = "<group>"; };
		179EA9C92A390C44005C67BF /* BuyingView.swift */ = {isa = PBXFileReference; lastKnownFileType = sourcecode.swift; path = BuyingView.swift; sourceTree = "<group>"; };
		179EA9CD2A3A5872005C67BF /* TRYHistory.swift */ = {isa = PBXFileReference; lastKnownFileType = sourcecode.swift; path = TRYHistory.swift; sourceTree = "<group>"; };
		179EA9CF2A3A64E5005C67BF /* Date.swift */ = {isa = PBXFileReference; lastKnownFileType = sourcecode.swift; path = Date.swift; sourceTree = "<group>"; };
		179EA9D12A3B530F005C67BF /* Transaction.swift */ = {isa = PBXFileReference; lastKnownFileType = sourcecode.swift; path = Transaction.swift; sourceTree = "<group>"; };
		179EA9D42A3B5EAE005C67BF /* PastOperationCardView.swift */ = {isa = PBXFileReference; lastKnownFileType = sourcecode.swift; path = PastOperationCardView.swift; sourceTree = "<group>"; };
		179EA9D62A3B65B2005C67BF /* EmptyView.swift */ = {isa = PBXFileReference; lastKnownFileType = sourcecode.swift; path = EmptyView.swift; sourceTree = "<group>"; };
		17E5CAE52A323D61007173E6 /* RoundedButtonStyleWithIcon.swift */ = {isa = PBXFileReference; lastKnownFileType = sourcecode.swift; path = RoundedButtonStyleWithIcon.swift; sourceTree = "<group>"; };
		17E5CAE72A323E59007173E6 /* RoundedButtonStyle.swift */ = {isa = PBXFileReference; lastKnownFileType = sourcecode.swift; path = RoundedButtonStyle.swift; sourceTree = "<group>"; };
		17E5CAEB2A3243C5007173E6 /* Images.swift */ = {isa = PBXFileReference; lastKnownFileType = sourcecode.swift; path = Images.swift; sourceTree = "<group>"; };
		B500A73788F0E0C82345A6FF /* Pods-Currency.release.xcconfig */ = {isa = PBXFileReference; includeInIndex = 1; lastKnownFileType = text.xcconfig; name = "Pods-Currency.release.xcconfig"; path = "Target Support Files/Pods-Currency/Pods-Currency.release.xcconfig"; sourceTree = "<group>"; };
		B76D5B2CD88F252F6971F8B2 /* Pods-Currency.debug.xcconfig */ = {isa = PBXFileReference; includeInIndex = 1; lastKnownFileType = text.xcconfig; name = "Pods-Currency.debug.xcconfig"; path = "Target Support Files/Pods-Currency/Pods-Currency.debug.xcconfig"; sourceTree = "<group>"; };
		DB1C347D5DB54AB150E9420C /* Pods_Currency.framework */ = {isa = PBXFileReference; explicitFileType = wrapper.framework; includeInIndex = 0; path = Pods_Currency.framework; sourceTree = BUILT_PRODUCTS_DIR; };
/* End PBXFileReference section */

/* Begin PBXFrameworksBuildPhase section */
		171AA44C2A32296700C6BCDC /* Frameworks */ = {
			isa = PBXFrameworksBuildPhase;
			buildActionMask = 2147483647;
			files = (
				425A0090235219B07C9AD0FD /* Pods_Currency.framework in Frameworks */,
			);
			runOnlyForDeploymentPostprocessing = 0;
		};
		171AA45C2A32296900C6BCDC /* Frameworks */ = {
			isa = PBXFrameworksBuildPhase;
			buildActionMask = 2147483647;
			files = (
			);
			runOnlyForDeploymentPostprocessing = 0;
		};
		171AA4662A32296900C6BCDC /* Frameworks */ = {
			isa = PBXFrameworksBuildPhase;
			buildActionMask = 2147483647;
			files = (
			);
			runOnlyForDeploymentPostprocessing = 0;
		};
/* End PBXFrameworksBuildPhase section */

/* Begin PBXGroup section */
		171AA4462A32296700C6BCDC = {
			isa = PBXGroup;
			children = (
				171AA4512A32296700C6BCDC /* Currency */,
				171AA4622A32296900C6BCDC /* CurrencyTests */,
				171AA46C2A32296900C6BCDC /* CurrencyUITests */,
				171AA4502A32296700C6BCDC /* Products */,
				85987E6A2F8C87CABC4A3B09 /* Pods */,
				979C794320A03AE72DB24C80 /* Frameworks */,
			);
			sourceTree = "<group>";
		};
		171AA4502A32296700C6BCDC /* Products */ = {
			isa = PBXGroup;
			children = (
				171AA44F2A32296700C6BCDC /* Currency.app */,
				171AA45F2A32296900C6BCDC /* CurrencyTests.xctest */,
				171AA4692A32296900C6BCDC /* CurrencyUITests.xctest */,
			);
			name = Products;
			sourceTree = "<group>";
		};
		171AA4512A32296700C6BCDC /* Currency */ = {
			isa = PBXGroup;
			children = (
				171AA4522A32296700C6BCDC /* CurrencyApp.swift */,
				171AA47E2A32299B00C6BCDC /* Views */,
				171AA47F2A3229C500C6BCDC /* ViewModels */,
				17E5CAE42A323CFC007173E6 /* UIComponents */,
				171AA48D2A3236DC00C6BCDC /* Services */,
				179EA9BD2A3303BD005C67BF /* Extensions */,
				171AA4802A3229D300C6BCDC /* Models */,
				171AA4562A32296800C6BCDC /* Assets.xcassets */,
				171AA4582A32296800C6BCDC /* Preview Content */,
			);
			path = Currency;
			sourceTree = "<group>";
		};
		171AA4582A32296800C6BCDC /* Preview Content */ = {
			isa = PBXGroup;
			children = (
				171AA4592A32296800C6BCDC /* Preview Assets.xcassets */,
			);
			path = "Preview Content";
			sourceTree = "<group>";
		};
		171AA4622A32296900C6BCDC /* CurrencyTests */ = {
			isa = PBXGroup;
			children = (
				171AA4632A32296900C6BCDC /* CurrencyTests.swift */,
			);
			path = CurrencyTests;
			sourceTree = "<group>";
		};
		171AA46C2A32296900C6BCDC /* CurrencyUITests */ = {
			isa = PBXGroup;
			children = (
				171AA46D2A32296900C6BCDC /* CurrencyUITests.swift */,
				171AA46F2A32296900C6BCDC /* CurrencyUITestsLaunchTests.swift */,
			);
			path = CurrencyUITests;
			sourceTree = "<group>";
		};
		171AA47E2A32299B00C6BCDC /* Views */ = {
			isa = PBXGroup;
			children = (
				171AA4542A32296700C6BCDC /* ContentView.swift */,
				179EA9BE2A330DC1005C67BF /* MainView */,
				179EA9D32A3B5E71005C67BF /* PastOperations */,
			);
			path = Views;
			sourceTree = "<group>";
		};
		171AA47F2A3229C500C6BCDC /* ViewModels */ = {
			isa = PBXGroup;
			children = (
				179EA9B92A3300F2005C67BF /* ContentViewModel.swift */,
				171AA48B2A32364200C6BCDC /* MainViewModel.swift */,
				171AA4872A322AD100C6BCDC /* PastOperationsViewModel.swift */,
			);
			path = ViewModels;
			sourceTree = "<group>";
		};
		171AA4802A3229D300C6BCDC /* Models */ = {
			isa = PBXGroup;
			children = (
				171AA4892A32362C00C6BCDC /* Currency.swift */,
				179EA9CD2A3A5872005C67BF /* TRYHistory.swift */,
				179EA9B72A3269DB005C67BF /* Balance.swift */,
				179EA9D12A3B530F005C67BF /* Transaction.swift */,
			);
			path = Models;
			sourceTree = "<group>";
		};
		171AA48D2A3236DC00C6BCDC /* Services */ = {
			isa = PBXGroup;
			children = (
				171AA48E2A3236F500C6BCDC /* RealmProvider.swift */,
				171AA4902A32372900C6BCDC /* NetworkProvider.swift */,
			);
			path = Services;
			sourceTree = "<group>";
		};
		179EA9BD2A3303BD005C67BF /* Extensions */ = {
			isa = PBXGroup;
			children = (
				179EA9BB2A3303B8005C67BF /* Double.swift */,
				179EA9C72A390A28005C67BF /* NSNotification.swift */,
				179EA9CF2A3A64E5005C67BF /* Date.swift */,
			);
			path = Extensions;
			sourceTree = "<group>";
		};
		179EA9BE2A330DC1005C67BF /* MainView */ = {
			isa = PBXGroup;
			children = (
				171AA4812A3229F600C6BCDC /* MainView.swift */,
				179EA9BF2A330DD7005C67BF /* CurrencyCardView.swift */,
				179EA9C92A390C44005C67BF /* BuyingView.swift */,
			);
			path = MainView;
			sourceTree = "<group>";
		};
		179EA9D32A3B5E71005C67BF /* PastOperations */ = {
			isa = PBXGroup;
			children = (
				171AA4832A322A4300C6BCDC /* PastOperationsView.swift */,
				179EA9D62A3B65B2005C67BF /* EmptyView.swift */,
				179EA9D42A3B5EAE005C67BF /* PastOperationCardView.swift */,
			);
			path = PastOperations;
			sourceTree = "<group>";
		};
		17E5CAE42A323CFC007173E6 /* UIComponents */ = {
			isa = PBXGroup;
			children = (
				17E5CAEB2A3243C5007173E6 /* Images.swift */,
				179EA9C52A36FA14005C67BF /* Colors.swift */,
				17E5CAE52A323D61007173E6 /* RoundedButtonStyleWithIcon.swift */,
				17E5CAE72A323E59007173E6 /* RoundedButtonStyle.swift */,
				179EA9C32A36F6E2005C67BF /* CardViewModifier.swift */,
			);
			path = UIComponents;
			sourceTree = "<group>";
		};
		85987E6A2F8C87CABC4A3B09 /* Pods */ = {
			isa = PBXGroup;
			children = (
				B76D5B2CD88F252F6971F8B2 /* Pods-Currency.debug.xcconfig */,
				B500A73788F0E0C82345A6FF /* Pods-Currency.release.xcconfig */,
			);
			path = Pods;
			sourceTree = "<group>";
		};
		979C794320A03AE72DB24C80 /* Frameworks */ = {
			isa = PBXGroup;
			children = (
				DB1C347D5DB54AB150E9420C /* Pods_Currency.framework */,
			);
			name = Frameworks;
			sourceTree = "<group>";
		};
/* End PBXGroup section */

/* Begin PBXNativeTarget section */
		171AA44E2A32296700C6BCDC /* Currency */ = {
			isa = PBXNativeTarget;
			buildConfigurationList = 171AA4732A32296900C6BCDC /* Build configuration list for PBXNativeTarget "Currency" */;
			buildPhases = (
				A48F43458404046909D7183D /* [CP] Check Pods Manifest.lock */,
				171AA44B2A32296700C6BCDC /* Sources */,
				171AA44C2A32296700C6BCDC /* Frameworks */,
				171AA44D2A32296700C6BCDC /* Resources */,
				9144A3587E6C25E88B11AE46 /* [CP] Embed Pods Frameworks */,
			);
			buildRules = (
			);
			dependencies = (
			);
			name = Currency;
			productName = Currency;
			productReference = 171AA44F2A32296700C6BCDC /* Currency.app */;
			productType = "com.apple.product-type.application";
		};
		171AA45E2A32296900C6BCDC /* CurrencyTests */ = {
			isa = PBXNativeTarget;
			buildConfigurationList = 171AA4762A32296900C6BCDC /* Build configuration list for PBXNativeTarget "CurrencyTests" */;
			buildPhases = (
				171AA45B2A32296900C6BCDC /* Sources */,
				171AA45C2A32296900C6BCDC /* Frameworks */,
				171AA45D2A32296900C6BCDC /* Resources */,
			);
			buildRules = (
			);
			dependencies = (
				171AA4612A32296900C6BCDC /* PBXTargetDependency */,
			);
			name = CurrencyTests;
			productName = CurrencyTests;
			productReference = 171AA45F2A32296900C6BCDC /* CurrencyTests.xctest */;
			productType = "com.apple.product-type.bundle.unit-test";
		};
		171AA4682A32296900C6BCDC /* CurrencyUITests */ = {
			isa = PBXNativeTarget;
			buildConfigurationList = 171AA4792A32296900C6BCDC /* Build configuration list for PBXNativeTarget "CurrencyUITests" */;
			buildPhases = (
				171AA4652A32296900C6BCDC /* Sources */,
				171AA4662A32296900C6BCDC /* Frameworks */,
				171AA4672A32296900C6BCDC /* Resources */,
			);
			buildRules = (
			);
			dependencies = (
				171AA46B2A32296900C6BCDC /* PBXTargetDependency */,
			);
			name = CurrencyUITests;
			productName = CurrencyUITests;
			productReference = 171AA4692A32296900C6BCDC /* CurrencyUITests.xctest */;
			productType = "com.apple.product-type.bundle.ui-testing";
		};
/* End PBXNativeTarget section */

/* Begin PBXProject section */
		171AA4472A32296700C6BCDC /* Project object */ = {
			isa = PBXProject;
			attributes = {
				BuildIndependentTargetsInParallel = 1;
				LastSwiftUpdateCheck = 1430;
				LastUpgradeCheck = 1430;
				TargetAttributes = {
					171AA44E2A32296700C6BCDC = {
						CreatedOnToolsVersion = 14.3;
					};
					171AA45E2A32296900C6BCDC = {
						CreatedOnToolsVersion = 14.3;
						TestTargetID = 171AA44E2A32296700C6BCDC;
					};
					171AA4682A32296900C6BCDC = {
						CreatedOnToolsVersion = 14.3;
						TestTargetID = 171AA44E2A32296700C6BCDC;
					};
				};
			};
			buildConfigurationList = 171AA44A2A32296700C6BCDC /* Build configuration list for PBXProject "Currency" */;
			compatibilityVersion = "Xcode 14.0";
			developmentRegion = en;
			hasScannedForEncodings = 0;
			knownRegions = (
				en,
				Base,
			);
			mainGroup = 171AA4462A32296700C6BCDC;
			productRefGroup = 171AA4502A32296700C6BCDC /* Products */;
			projectDirPath = "";
			projectRoot = "";
			targets = (
				171AA44E2A32296700C6BCDC /* Currency */,
				171AA45E2A32296900C6BCDC /* CurrencyTests */,
				171AA4682A32296900C6BCDC /* CurrencyUITests */,
			);
		};
/* End PBXProject section */

/* Begin PBXResourcesBuildPhase section */
		171AA44D2A32296700C6BCDC /* Resources */ = {
			isa = PBXResourcesBuildPhase;
			buildActionMask = 2147483647;
			files = (
				171AA45A2A32296800C6BCDC /* Preview Assets.xcassets in Resources */,
				171AA4572A32296800C6BCDC /* Assets.xcassets in Resources */,
			);
			runOnlyForDeploymentPostprocessing = 0;
		};
		171AA45D2A32296900C6BCDC /* Resources */ = {
			isa = PBXResourcesBuildPhase;
			buildActionMask = 2147483647;
			files = (
			);
			runOnlyForDeploymentPostprocessing = 0;
		};
		171AA4672A32296900C6BCDC /* Resources */ = {
			isa = PBXResourcesBuildPhase;
			buildActionMask = 2147483647;
			files = (
			);
			runOnlyForDeploymentPostprocessing = 0;
		};
/* End PBXResourcesBuildPhase section */

/* Begin PBXShellScriptBuildPhase section */
		9144A3587E6C25E88B11AE46 /* [CP] Embed Pods Frameworks */ = {
			isa = PBXShellScriptBuildPhase;
			buildActionMask = 2147483647;
			files = (
			);
			inputFileListPaths = (
				"${PODS_ROOT}/Target Support Files/Pods-Currency/Pods-Currency-frameworks-${CONFIGURATION}-input-files.xcfilelist",
			);
			name = "[CP] Embed Pods Frameworks";
			outputFileListPaths = (
				"${PODS_ROOT}/Target Support Files/Pods-Currency/Pods-Currency-frameworks-${CONFIGURATION}-output-files.xcfilelist",
			);
			runOnlyForDeploymentPostprocessing = 0;
			shellPath = /bin/sh;
			shellScript = "\"${PODS_ROOT}/Target Support Files/Pods-Currency/Pods-Currency-frameworks.sh\"\n";
			showEnvVarsInLog = 0;
		};
		A48F43458404046909D7183D /* [CP] Check Pods Manifest.lock */ = {
			isa = PBXShellScriptBuildPhase;
			buildActionMask = 2147483647;
			files = (
			);
			inputFileListPaths = (
			);
			inputPaths = (
				"${PODS_PODFILE_DIR_PATH}/Podfile.lock",
				"${PODS_ROOT}/Manifest.lock",
			);
			name = "[CP] Check Pods Manifest.lock";
			outputFileListPaths = (
			);
			outputPaths = (
				"$(DERIVED_FILE_DIR)/Pods-Currency-checkManifestLockResult.txt",
			);
			runOnlyForDeploymentPostprocessing = 0;
			shellPath = /bin/sh;
			shellScript = "diff \"${PODS_PODFILE_DIR_PATH}/Podfile.lock\" \"${PODS_ROOT}/Manifest.lock\" > /dev/null\nif [ $? != 0 ] ; then\n    # print error to STDERR\n    echo \"error: The sandbox is not in sync with the Podfile.lock. Run 'pod install' or update your CocoaPods installation.\" >&2\n    exit 1\nfi\n# This output is used by Xcode 'outputs' to avoid re-running this script phase.\necho \"SUCCESS\" > \"${SCRIPT_OUTPUT_FILE_0}\"\n";
			showEnvVarsInLog = 0;
		};
/* End PBXShellScriptBuildPhase section */

/* Begin PBXSourcesBuildPhase section */
		171AA44B2A32296700C6BCDC /* Sources */ = {
			isa = PBXSourcesBuildPhase;
			buildActionMask = 2147483647;
			files = (
				179EA9D02A3A64E5005C67BF /* Date.swift in Sources */,
				171AA4912A32372900C6BCDC /* NetworkProvider.swift in Sources */,
				179EA9C02A330DD7005C67BF /* CurrencyCardView.swift in Sources */,
				17E5CAE62A323D61007173E6 /* RoundedButtonStyleWithIcon.swift in Sources */,
				179EA9CA2A390C44005C67BF /* BuyingView.swift in Sources */,
				179EA9C42A36F6E2005C67BF /* CardViewModifier.swift in Sources */,
				171AA48C2A32364200C6BCDC /* MainViewModel.swift in Sources */,
				17E5CAEC2A3243C5007173E6 /* Images.swift in Sources */,
				179EA9D22A3B530F005C67BF /* Transaction.swift in Sources */,
				179EA9BC2A3303B8005C67BF /* Double.swift in Sources */,
				171AA4552A32296700C6BCDC /* ContentView.swift in Sources */,
				179EA9B82A3269DB005C67BF /* Balance.swift in Sources */,
				17E5CAE82A323E59007173E6 /* RoundedButtonStyle.swift in Sources */,
				171AA4882A322AD100C6BCDC /* PastOperationsViewModel.swift in Sources */,
				179EA9C62A36FA14005C67BF /* Colors.swift in Sources */,
				171AA4822A3229F600C6BCDC /* MainView.swift in Sources */,
				179EA9CE2A3A5872005C67BF /* TRYHistory.swift in Sources */,
				171AA4842A322A4300C6BCDC /* PastOperationsView.swift in Sources */,
				179EA9BA2A3300F2005C67BF /* ContentViewModel.swift in Sources */,
				171AA48A2A32362C00C6BCDC /* Currency.swift in Sources */,
				171AA4532A32296700C6BCDC /* CurrencyApp.swift in Sources */,
				179EA9D72A3B65B2005C67BF /* EmptyView.swift in Sources */,
				171AA48F2A3236F500C6BCDC /* RealmProvider.swift in Sources */,
				179EA9C82A390A28005C67BF /* NSNotification.swift in Sources */,
				179EA9D52A3B5EAE005C67BF /* PastOperationCardView.swift in Sources */,
			);
			runOnlyForDeploymentPostprocessing = 0;
		};
		171AA45B2A32296900C6BCDC /* Sources */ = {
			isa = PBXSourcesBuildPhase;
			buildActionMask = 2147483647;
			files = (
				171AA4642A32296900C6BCDC /* CurrencyTests.swift in Sources */,
			);
			runOnlyForDeploymentPostprocessing = 0;
		};
		171AA4652A32296900C6BCDC /* Sources */ = {
			isa = PBXSourcesBuildPhase;
			buildActionMask = 2147483647;
			files = (
				171AA4702A32296900C6BCDC /* CurrencyUITestsLaunchTests.swift in Sources */,
				171AA46E2A32296900C6BCDC /* CurrencyUITests.swift in Sources */,
			);
			runOnlyForDeploymentPostprocessing = 0;
		};
/* End PBXSourcesBuildPhase section */

/* Begin PBXTargetDependency section */
		171AA4612A32296900C6BCDC /* PBXTargetDependency */ = {
			isa = PBXTargetDependency;
			target = 171AA44E2A32296700C6BCDC /* Currency */;
			targetProxy = 171AA4602A32296900C6BCDC /* PBXContainerItemProxy */;
		};
		171AA46B2A32296900C6BCDC /* PBXTargetDependency */ = {
			isa = PBXTargetDependency;
			target = 171AA44E2A32296700C6BCDC /* Currency */;
			targetProxy = 171AA46A2A32296900C6BCDC /* PBXContainerItemProxy */;
		};
/* End PBXTargetDependency section */

/* Begin XCBuildConfiguration section */
		171AA4712A32296900C6BCDC /* Debug */ = {
			isa = XCBuildConfiguration;
			buildSettings = {
				ALWAYS_SEARCH_USER_PATHS = NO;
				CLANG_ANALYZER_NONNULL = YES;
				CLANG_ANALYZER_NUMBER_OBJECT_CONVERSION = YES_AGGRESSIVE;
				CLANG_CXX_LANGUAGE_STANDARD = "gnu++20";
				CLANG_ENABLE_MODULES = YES;
				CLANG_ENABLE_OBJC_ARC = YES;
				CLANG_ENABLE_OBJC_WEAK = YES;
				CLANG_WARN_BLOCK_CAPTURE_AUTORELEASING = YES;
				CLANG_WARN_BOOL_CONVERSION = YES;
				CLANG_WARN_COMMA = YES;
				CLANG_WARN_CONSTANT_CONVERSION = YES;
				CLANG_WARN_DEPRECATED_OBJC_IMPLEMENTATIONS = YES;
				CLANG_WARN_DIRECT_OBJC_ISA_USAGE = YES_ERROR;
				CLANG_WARN_DOCUMENTATION_COMMENTS = YES;
				CLANG_WARN_EMPTY_BODY = YES;
				CLANG_WARN_ENUM_CONVERSION = YES;
				CLANG_WARN_INFINITE_RECURSION = YES;
				CLANG_WARN_INT_CONVERSION = YES;
				CLANG_WARN_NON_LITERAL_NULL_CONVERSION = YES;
				CLANG_WARN_OBJC_IMPLICIT_RETAIN_SELF = YES;
				CLANG_WARN_OBJC_LITERAL_CONVERSION = YES;
				CLANG_WARN_OBJC_ROOT_CLASS = YES_ERROR;
				CLANG_WARN_QUOTED_INCLUDE_IN_FRAMEWORK_HEADER = YES;
				CLANG_WARN_RANGE_LOOP_ANALYSIS = YES;
				CLANG_WARN_STRICT_PROTOTYPES = YES;
				CLANG_WARN_SUSPICIOUS_MOVE = YES;
				CLANG_WARN_UNGUARDED_AVAILABILITY = YES_AGGRESSIVE;
				CLANG_WARN_UNREACHABLE_CODE = YES;
				CLANG_WARN__DUPLICATE_METHOD_MATCH = YES;
				COPY_PHASE_STRIP = NO;
				DEBUG_INFORMATION_FORMAT = dwarf;
				ENABLE_STRICT_OBJC_MSGSEND = YES;
				ENABLE_TESTABILITY = YES;
				GCC_C_LANGUAGE_STANDARD = gnu11;
				GCC_DYNAMIC_NO_PIC = NO;
				GCC_NO_COMMON_BLOCKS = YES;
				GCC_OPTIMIZATION_LEVEL = 0;
				GCC_PREPROCESSOR_DEFINITIONS = (
					"DEBUG=1",
					"$(inherited)",
				);
				GCC_WARN_64_TO_32_BIT_CONVERSION = YES;
				GCC_WARN_ABOUT_RETURN_TYPE = YES_ERROR;
				GCC_WARN_UNDECLARED_SELECTOR = YES;
				GCC_WARN_UNINITIALIZED_AUTOS = YES_AGGRESSIVE;
				GCC_WARN_UNUSED_FUNCTION = YES;
				GCC_WARN_UNUSED_VARIABLE = YES;
				IPHONEOS_DEPLOYMENT_TARGET = 16.4;
				MTL_ENABLE_DEBUG_INFO = INCLUDE_SOURCE;
				MTL_FAST_MATH = YES;
				ONLY_ACTIVE_ARCH = YES;
				SDKROOT = iphoneos;
				SWIFT_ACTIVE_COMPILATION_CONDITIONS = DEBUG;
				SWIFT_OPTIMIZATION_LEVEL = "-Onone";
			};
			name = Debug;
		};
		171AA4722A32296900C6BCDC /* Release */ = {
			isa = XCBuildConfiguration;
			buildSettings = {
				ALWAYS_SEARCH_USER_PATHS = NO;
				CLANG_ANALYZER_NONNULL = YES;
				CLANG_ANALYZER_NUMBER_OBJECT_CONVERSION = YES_AGGRESSIVE;
				CLANG_CXX_LANGUAGE_STANDARD = "gnu++20";
				CLANG_ENABLE_MODULES = YES;
				CLANG_ENABLE_OBJC_ARC = YES;
				CLANG_ENABLE_OBJC_WEAK = YES;
				CLANG_WARN_BLOCK_CAPTURE_AUTORELEASING = YES;
				CLANG_WARN_BOOL_CONVERSION = YES;
				CLANG_WARN_COMMA = YES;
				CLANG_WARN_CONSTANT_CONVERSION = YES;
				CLANG_WARN_DEPRECATED_OBJC_IMPLEMENTATIONS = YES;
				CLANG_WARN_DIRECT_OBJC_ISA_USAGE = YES_ERROR;
				CLANG_WARN_DOCUMENTATION_COMMENTS = YES;
				CLANG_WARN_EMPTY_BODY = YES;
				CLANG_WARN_ENUM_CONVERSION = YES;
				CLANG_WARN_INFINITE_RECURSION = YES;
				CLANG_WARN_INT_CONVERSION = YES;
				CLANG_WARN_NON_LITERAL_NULL_CONVERSION = YES;
				CLANG_WARN_OBJC_IMPLICIT_RETAIN_SELF = YES;
				CLANG_WARN_OBJC_LITERAL_CONVERSION = YES;
				CLANG_WARN_OBJC_ROOT_CLASS = YES_ERROR;
				CLANG_WARN_QUOTED_INCLUDE_IN_FRAMEWORK_HEADER = YES;
				CLANG_WARN_RANGE_LOOP_ANALYSIS = YES;
				CLANG_WARN_STRICT_PROTOTYPES = YES;
				CLANG_WARN_SUSPICIOUS_MOVE = YES;
				CLANG_WARN_UNGUARDED_AVAILABILITY = YES_AGGRESSIVE;
				CLANG_WARN_UNREACHABLE_CODE = YES;
				CLANG_WARN__DUPLICATE_METHOD_MATCH = YES;
				COPY_PHASE_STRIP = NO;
				DEBUG_INFORMATION_FORMAT = "dwarf-with-dsym";
				ENABLE_NS_ASSERTIONS = NO;
				ENABLE_STRICT_OBJC_MSGSEND = YES;
				GCC_C_LANGUAGE_STANDARD = gnu11;
				GCC_NO_COMMON_BLOCKS = YES;
				GCC_WARN_64_TO_32_BIT_CONVERSION = YES;
				GCC_WARN_ABOUT_RETURN_TYPE = YES_ERROR;
				GCC_WARN_UNDECLARED_SELECTOR = YES;
				GCC_WARN_UNINITIALIZED_AUTOS = YES_AGGRESSIVE;
				GCC_WARN_UNUSED_FUNCTION = YES;
				GCC_WARN_UNUSED_VARIABLE = YES;
				IPHONEOS_DEPLOYMENT_TARGET = 16.4;
				MTL_ENABLE_DEBUG_INFO = NO;
				MTL_FAST_MATH = YES;
				SDKROOT = iphoneos;
				SWIFT_COMPILATION_MODE = wholemodule;
				SWIFT_OPTIMIZATION_LEVEL = "-O";
				VALIDATE_PRODUCT = YES;
			};
			name = Release;
		};
		171AA4742A32296900C6BCDC /* Debug */ = {
			isa = XCBuildConfiguration;
			baseConfigurationReference = B76D5B2CD88F252F6971F8B2 /* Pods-Currency.debug.xcconfig */;
			buildSettings = {
				ASSETCATALOG_COMPILER_APPICON_NAME = AppIcon;
				ASSETCATALOG_COMPILER_GLOBAL_ACCENT_COLOR_NAME = AccentColor;
				CODE_SIGN_STYLE = Automatic;
				CURRENT_PROJECT_VERSION = 1;
				DEVELOPMENT_ASSET_PATHS = "\"Currency/Preview Content\"";
				DEVELOPMENT_TEAM = J4MP6X34JN;
				ENABLE_PREVIEWS = YES;
				GENERATE_INFOPLIST_FILE = YES;
				INFOPLIST_KEY_UIApplicationSceneManifest_Generation = YES;
				INFOPLIST_KEY_UIApplicationSupportsIndirectInputEvents = YES;
				INFOPLIST_KEY_UILaunchScreen_Generation = YES;
				INFOPLIST_KEY_UISupportedInterfaceOrientations_iPad = "UIInterfaceOrientationPortrait UIInterfaceOrientationPortraitUpsideDown UIInterfaceOrientationLandscapeLeft UIInterfaceOrientationLandscapeRight";
				INFOPLIST_KEY_UISupportedInterfaceOrientations_iPhone = "UIInterfaceOrientationPortrait UIInterfaceOrientationLandscapeLeft UIInterfaceOrientationLandscapeRight";
				IPHONEOS_DEPLOYMENT_TARGET = 15.0;
				LD_RUNPATH_SEARCH_PATHS = (
					"$(inherited)",
					"@executable_path/Frameworks",
				);
				MARKETING_VERSION = 1.0;
				PRODUCT_BUNDLE_IDENTIFIER = BasakErtugrul.Currency;
				PRODUCT_NAME = "$(TARGET_NAME)";
				SWIFT_EMIT_LOC_STRINGS = YES;
				SWIFT_VERSION = 5.0;
				TARGETED_DEVICE_FAMILY = "1,2";
			};
			name = Debug;
		};
		171AA4752A32296900C6BCDC /* Release */ = {
			isa = XCBuildConfiguration;
			baseConfigurationReference = B500A73788F0E0C82345A6FF /* Pods-Currency.release.xcconfig */;
			buildSettings = {
				ASSETCATALOG_COMPILER_APPICON_NAME = AppIcon;
				ASSETCATALOG_COMPILER_GLOBAL_ACCENT_COLOR_NAME = AccentColor;
				CODE_SIGN_STYLE = Automatic;
				CURRENT_PROJECT_VERSION = 1;
				DEVELOPMENT_ASSET_PATHS = "\"Currency/Preview Content\"";
				DEVELOPMENT_TEAM = J4MP6X34JN;
				ENABLE_PREVIEWS = YES;
				GENERATE_INFOPLIST_FILE = YES;
				INFOPLIST_KEY_UIApplicationSceneManifest_Generation = YES;
				INFOPLIST_KEY_UIApplicationSupportsIndirectInputEvents = YES;
				INFOPLIST_KEY_UILaunchScreen_Generation = YES;
				INFOPLIST_KEY_UISupportedInterfaceOrientations_iPad = "UIInterfaceOrientationPortrait UIInterfaceOrientationPortraitUpsideDown UIInterfaceOrientationLandscapeLeft UIInterfaceOrientationLandscapeRight";
				INFOPLIST_KEY_UISupportedInterfaceOrientations_iPhone = "UIInterfaceOrientationPortrait UIInterfaceOrientationLandscapeLeft UIInterfaceOrientationLandscapeRight";
				IPHONEOS_DEPLOYMENT_TARGET = 15.0;
				LD_RUNPATH_SEARCH_PATHS = (
					"$(inherited)",
					"@executable_path/Frameworks",
				);
				MARKETING_VERSION = 1.0;
				PRODUCT_BUNDLE_IDENTIFIER = BasakErtugrul.Currency;
				PRODUCT_NAME = "$(TARGET_NAME)";
				SWIFT_EMIT_LOC_STRINGS = YES;
				SWIFT_VERSION = 5.0;
				TARGETED_DEVICE_FAMILY = "1,2";
			};
			name = Release;
		};
		171AA4772A32296900C6BCDC /* Debug */ = {
			isa = XCBuildConfiguration;
			buildSettings = {
				ALWAYS_EMBED_SWIFT_STANDARD_LIBRARIES = YES;
				BUNDLE_LOADER = "$(TEST_HOST)";
				CODE_SIGN_STYLE = Automatic;
				CURRENT_PROJECT_VERSION = 1;
				DEVELOPMENT_TEAM = J4MP6X34JN;
				GENERATE_INFOPLIST_FILE = YES;
				IPHONEOS_DEPLOYMENT_TARGET = 16.4;
				MARKETING_VERSION = 1.0;
				PRODUCT_BUNDLE_IDENTIFIER = BasakErtugrul.CurrencyTests;
				PRODUCT_NAME = "$(TARGET_NAME)";
				SWIFT_EMIT_LOC_STRINGS = NO;
				SWIFT_VERSION = 5.0;
				TARGETED_DEVICE_FAMILY = "1,2";
				TEST_HOST = "$(BUILT_PRODUCTS_DIR)/Currency.app/$(BUNDLE_EXECUTABLE_FOLDER_PATH)/Currency";
			};
			name = Debug;
		};
		171AA4782A32296900C6BCDC /* Release */ = {
			isa = XCBuildConfiguration;
			buildSettings = {
				ALWAYS_EMBED_SWIFT_STANDARD_LIBRARIES = YES;
				BUNDLE_LOADER = "$(TEST_HOST)";
				CODE_SIGN_STYLE = Automatic;
				CURRENT_PROJECT_VERSION = 1;
				DEVELOPMENT_TEAM = J4MP6X34JN;
				GENERATE_INFOPLIST_FILE = YES;
				IPHONEOS_DEPLOYMENT_TARGET = 16.4;
				MARKETING_VERSION = 1.0;
				PRODUCT_BUNDLE_IDENTIFIER = BasakErtugrul.CurrencyTests;
				PRODUCT_NAME = "$(TARGET_NAME)";
				SWIFT_EMIT_LOC_STRINGS = NO;
				SWIFT_VERSION = 5.0;
				TARGETED_DEVICE_FAMILY = "1,2";
				TEST_HOST = "$(BUILT_PRODUCTS_DIR)/Currency.app/$(BUNDLE_EXECUTABLE_FOLDER_PATH)/Currency";
			};
			name = Release;
		};
		171AA47A2A32296900C6BCDC /* Debug */ = {
			isa = XCBuildConfiguration;
			buildSettings = {
				ALWAYS_EMBED_SWIFT_STANDARD_LIBRARIES = YES;
				CODE_SIGN_STYLE = Automatic;
				CURRENT_PROJECT_VERSION = 1;
				DEVELOPMENT_TEAM = J4MP6X34JN;
				GENERATE_INFOPLIST_FILE = YES;
				MARKETING_VERSION = 1.0;
				PRODUCT_BUNDLE_IDENTIFIER = BasakErtugrul.CurrencyUITests;
				PRODUCT_NAME = "$(TARGET_NAME)";
				SWIFT_EMIT_LOC_STRINGS = NO;
				SWIFT_VERSION = 5.0;
				TARGETED_DEVICE_FAMILY = "1,2";
				TEST_TARGET_NAME = Currency;
			};
			name = Debug;
		};
		171AA47B2A32296900C6BCDC /* Release */ = {
			isa = XCBuildConfiguration;
			buildSettings = {
				ALWAYS_EMBED_SWIFT_STANDARD_LIBRARIES = YES;
				CODE_SIGN_STYLE = Automatic;
				CURRENT_PROJECT_VERSION = 1;
				DEVELOPMENT_TEAM = J4MP6X34JN;
				GENERATE_INFOPLIST_FILE = YES;
				MARKETING_VERSION = 1.0;
				PRODUCT_BUNDLE_IDENTIFIER = BasakErtugrul.CurrencyUITests;
				PRODUCT_NAME = "$(TARGET_NAME)";
				SWIFT_EMIT_LOC_STRINGS = NO;
				SWIFT_VERSION = 5.0;
				TARGETED_DEVICE_FAMILY = "1,2";
				TEST_TARGET_NAME = Currency;
			};
			name = Release;
		};
/* End XCBuildConfiguration section */

/* Begin XCConfigurationList section */
		171AA44A2A32296700C6BCDC /* Build configuration list for PBXProject "Currency" */ = {
			isa = XCConfigurationList;
			buildConfigurations = (
				171AA4712A32296900C6BCDC /* Debug */,
				171AA4722A32296900C6BCDC /* Release */,
			);
			defaultConfigurationIsVisible = 0;
			defaultConfigurationName = Release;
		};
		171AA4732A32296900C6BCDC /* Build configuration list for PBXNativeTarget "Currency" */ = {
			isa = XCConfigurationList;
			buildConfigurations = (
				171AA4742A32296900C6BCDC /* Debug */,
				171AA4752A32296900C6BCDC /* Release */,
			);
			defaultConfigurationIsVisible = 0;
			defaultConfigurationName = Release;
		};
		171AA4762A32296900C6BCDC /* Build configuration list for PBXNativeTarget "CurrencyTests" */ = {
			isa = XCConfigurationList;
			buildConfigurations = (
				171AA4772A32296900C6BCDC /* Debug */,
				171AA4782A32296900C6BCDC /* Release */,
			);
			defaultConfigurationIsVisible = 0;
			defaultConfigurationName = Release;
		};
		171AA4792A32296900C6BCDC /* Build configuration list for PBXNativeTarget "CurrencyUITests" */ = {
			isa = XCConfigurationList;
			buildConfigurations = (
				171AA47A2A32296900C6BCDC /* Debug */,
				171AA47B2A32296900C6BCDC /* Release */,
			);
			defaultConfigurationIsVisible = 0;
			defaultConfigurationName = Release;
		};
/* End XCConfigurationList section */
	};
	rootObject = 171AA4472A32296700C6BCDC /* Project object */;
}
